{
	"name": "@codemetic/rehype-d2",
	"version": "0.1.2",
	"lockfileVersion": 3,
	"requires": true,
	"packages": {
		"": {
			"name": "@codemetic/rehype-d2",
			"version": "0.1.2",
			"license": "MIT",
			"dependencies": {
				"@d2lang/d2": "^0.1.34",
				"hast-util-from-html": "^2.0.3",
				"mini-svg-data-uri": "^1.4.4",
				"property-information": "^7.2.0",
				"svgo": "^4.1.0",
				"unist-util-visit-parents": "^6.0.2"
			},
			"devDependencies": {
				"@biomejs/biome": "2.5.15",
				"@changesets/changelog-github": "^1.0.1",
				"@types/bun": "^1.4.2",
				"husky": "^9.1.7",
				"lint-staged": "^17.6.0",
				"pkg-pr-new": "^0.0.90",
				"rehype": "^13.0.2",
				"rehype-stringify": "^10.0.1",
				"remark": "^15.0.1",
				"remark-parse": "^11.0.0",
				"remark-rehype": "^11.1.2",
				"typescript": "^7.0.2",
				"unified": "^11.0.5"
			}
		},
		"node_modules/@biomejs/biome": {
			"version": "2.5.15",
			"dev": true,
			"license": "MIT OR Apache-2.0",
			"bin": {
				"biome": "bin/biome"
			},
			"engines": {
				"node": ">=14.21.3"
			},
			"funding": {
				"type": "opencollective",
				"url": "https://opencollective.com/biome"
			},
			"optionalDependencies": {
				"@biomejs/cli-darwin-arm64": "2.5.15",
				"@biomejs/cli-darwin-x64": "2.5.15",
				"@biomejs/cli-linux-arm64": "2.5.15",
				"@biomejs/cli-linux-arm64-musl": "2.5.15",
				"@biomejs/cli-linux-x64": "2.5.15",
				"@biomejs/cli-linux-x64-musl": "2.5.15",
				"@biomejs/cli-win32-arm64": "2.5.15",
				"@biomejs/cli-win32-x64": "2.5.15"
			}
		},
		"node_modules/@biomejs/cli-win32-x64": {
			"version": "2.5.15",
			"cpu": [
				"x64"
			],
			"dev": true,
			"license": "MIT OR Apache-2.0",
			"optional": true,
			"os": [
				"win32"
			],
			"engines": {
				"node": ">=14.21.3"
			}
		},
		"node_modules/@changesets/changelog-github": {
			"version": "1.0.1",
			"dev": true,
			"license": "MIT",
			"dependencies": {
				"@changesets/get-github-info": "^1.0.1",
				"@changesets/types": "^7.0.0"
			},
			"engines": {
				"node": "^22.11 || ^24 || >=26"
			}
		},
		"node_modules/@changesets/get-github-info": {
			"version": "1.0.1",
			"dev": true,
			"license": "MIT",
			"dependencies": {
				"dataloader": "^2.2.3"
			},
			"engines": {
				"node": "^22.11 || ^24 || >=26"
			}
		},
		"node_modules/@changesets/types": {
			"version": "7.0.0",
			"dev": true,
			"license": "MIT",
			"engines": {
				"node": "^22.11 || ^24 || >=26"
			}
		},
		"node_modules/@d2lang/d2": {
			"version": "0.1.34",
			"license": "MPL-2.0"
		},
		"node_modules/@types/bun": {
			"version": "1.4.2",
			"dev": true,
			"license": "MIT",
			"dependencies": {
				"bun-types": "1.4.2"
			}
		},
		"node_modules/@types/debug": {
			"version": "4.1.12",
			"dev": true,
			"license": "MIT",
			"dependencies": {
				"@types/ms": "*"
			}
		},
		"node_modules/@types/hast": {
			"version": "3.0.4",
			"license": "MIT",
			"dependencies": {
				"@types/unist": "*"
			}
		},
		"node_modules/@types/mdast": {
			"version": "4.0.4",
			"dev": true,
			"license": "MIT",
			"dependencies": {
				"@types/unist": "*"
			}
		},
		"node_modules/@types/ms": {
			"version": "2.1.0",
			"dev": true,
			"license": "MIT"
		},
		"node_modules/@types/node": {
			"version": "24.1.0",
			"dev": true,
			"license": "MIT",
			"dependencies": {
				"undici-types": "~7.8.0"
			}
		},
		"node_modules/@types/unist": {
			"version": "3.0.3",
			"license": "MIT"
		},
		"node_modules/@typescript/typescript-win32-x64": {
			"version": "7.0.2",
			"cpu": [
				"x64"
			],
			"dev": true,
			"license": "Apache-2.0",
			"optional": true,
			"os": [
				"win32"
			],
			"engines": {
				"node": ">=16.20.0"
			}
		},
		"node_modules/@ungap/structured-clone": {
			"version": "1.3.0",
			"dev": true,
			"license": "ISC"
		},
		"node_modules/bail": {
			"version": "2.0.2",
			"dev": true,
			"license": "MIT",
			"funding": {
				"type": "github",
				"url": "https://github.com/sponsors/wooorm"
			}
		},
		"node_modules/boolbase": {
			"version": "1.0.0",
			"license": "ISC"
		},
		"node_modules/bun-types": {
			"version": "1.4.2",
			"dev": true,
			"license": "MIT",
			"dependencies": {
				"@types/node": "*"
			}
		},
		"node_modules/ccount": {
			"version": "2.0.1",
			"dev": true,
			"license": "MIT",
			"funding": {
				"type": "github",
				"url": "https://github.com/sponsors/wooorm"
			}
		},
		"node_modules/character-entities": {
			"version": "2.0.2",
			"dev": true,
			"license": "MIT",
			"funding": {
				"type": "github",
				"url": "https://github.com/sponsors/wooorm"
			}
		},
		"node_modules/character-entities-html4": {
			"version": "2.1.0",
			"dev": true,
			"license": "MIT",
			"funding": {
				"type": "github",
				"url": "https://github.com/sponsors/wooorm"
			}
		},
		"node_modules/character-entities-legacy": {
			"version": "3.0.0",
			"dev": true,
			"license": "MIT",
			"funding": {
				"type": "github",
				"url": "https://github.com/sponsors/wooorm"
			}
		},
		"node_modules/comma-separated-tokens": {
			"version": "2.0.3",
			"license": "MIT",
			"funding": {
				"type": "github",
				"url": "https://github.com/sponsors/wooorm"
			}
		},
		"node_modules/commander": {
			"version": "11.1.0",
			"license": "MIT",
			"engines": {
				"node": ">=16"
			}
		},
		"node_modules/css-select": {
			"version": "6.0.0",
			"license": "BSD-2-Clause",
			"dependencies": {
				"boolbase": "^1.0.0",
				"css-what": "^7.0.0",
				"domhandler": "^5.0.3",
				"domutils": "^3.2.2",
				"nth-check": "^2.1.1"
			},
			"funding": {
				"url": "https://github.com/sponsors/fb55"
			}
		},
		"node_modules/css-tree": {
			"version": "3.1.0",
			"license": "MIT",
			"dependencies": {
				"mdn-data": "2.12.2",
				"source-map-js": "^1.0.1"
			},
			"engines": {
				"node": "^10 || ^12.20.0 || ^14.13.0 || >=15.0.0"
			}
		},
		"node_modules/css-what": {
			"version": "7.0.0",
			"license": "BSD-2-Clause",
			"engines": {
				"node": ">= 6"
			},
			"funding": {
				"url": "https://github.com/sponsors/fb55"
			}
		},
		"node_modules/csso": {
			"version": "5.0.5",
			"license": "MIT",
			"dependencies": {
				"css-tree": "~2.2.0"
			},
			"engines": {
				"node": "^10 || ^12.20.0 || ^14.13.0 || >=15.0.0",
				"npm": ">=7.0.0"
			}
		},
		"node_modules/csso/node_modules/css-tree": {
			"version": "2.2.1",
			"license": "MIT",
			"dependencies": {
				"mdn-data": "2.0.28",
				"source-map-js": "^1.0.1"
			},
			"engines": {
				"node": "^10 || ^12.20.0 || ^14.13.0 || >=15.0.0",
				"npm": ">=7.0.0"
			}
		},
		"node_modules/csso/node_modules/css-tree/node_modules/mdn-data": {
			"version": "2.0.28",
			"license": "CC0-1.0"
		},
		"node_modules/dataloader": {
			"version": "2.2.3",
			"dev": true,
			"license": "MIT"
		},
		"node_modules/debug": {
			"version": "4.4.1",
			"dev": true,
			"license": "MIT",
			"dependencies": {
				"ms": "^2.1.3"
			},
			"engines": {
				"node": ">=6.0"
			},
			"peerDependenciesMeta": {
				"supports-color": {
					"optional": true
				}
			}
		},
		"node_modules/decode-named-character-reference": {
			"version": "1.2.0",
			"dev": true,
			"license": "MIT",
			"dependencies": {
				"character-entities": "^2.0.0"
			},
			"funding": {
				"type": "github",
				"url": "https://github.com/sponsors/wooorm"
			}
		},
		"node_modules/dequal": {
			"version": "2.0.3",
			"license": "MIT",
			"engines": {
				"node": ">=6"
			}
		},
		"node_modules/devlop": {
			"version": "1.1.0",
			"license": "MIT",
			"dependencies": {
				"dequal": "^2.0.0"
			},
			"funding": {
				"type": "github",
				"url": "https://github.com/sponsors/wooorm"
			}
		},
		"node_modules/dom-serializer": {
			"version": "2.0.0",
			"license": "MIT",
			"dependencies": {
				"domelementtype": "^2.3.0",
				"domhandler": "^5.0.2",
				"entities": "^4.2.0"
			},
			"funding": {
				"url": "https://github.com/cheeriojs/dom-serializer?sponsor=1"
			}
		},
		"node_modules/dom-serializer/node_modules/entities": {
			"version": "4.5.0",
			"license": "BSD-2-Clause",
			"engines": {
				"node": ">=0.12"
			},
			"funding": {
				"url": "https://github.com/fb55/entities?sponsor=1"
			}
		},
		"node_modules/domelementtype": {
			"version": "2.3.0",
			"funding": [
				{
					"type": "github",
					"url": "https://github.com/sponsors/fb55"
				}
			],
			"license": "BSD-2-Clause"
		},
		"node_modules/domhandler": {
			"version": "5.0.3",
			"license": "BSD-2-Clause",
			"dependencies": {
				"domelementtype": "^2.3.0"
			},
			"engines": {
				"node": ">= 4"
			},
			"funding": {
				"url": "https://github.com/fb55/domhandler?sponsor=1"
			}
		},
		"node_modules/domutils": {
			"version": "3.2.2",
			"license": "BSD-2-Clause",
			"dependencies": {
				"dom-serializer": "^2.0.0",
				"domelementtype": "^2.3.0",
				"domhandler": "^5.0.3"
			},
			"funding": {
				"url": "https://github.com/fb55/domutils?sponsor=1"
			}
		},
		"node_modules/entities": {
			"version": "6.0.1",
			"license": "BSD-2-Clause",
			"engines": {
				"node": ">=0.12"
			},
			"funding": {
				"url": "https://github.com/fb55/entities?sponsor=1"
			}
		},
		"node_modules/extend": {
			"version": "3.0.2",
			"dev": true,
			"license": "MIT"
		},
		"node_modules/hast-util-from-html": {
			"version": "2.0.3",
			"license": "MIT",
			"dependencies": {
				"@types/hast": "^3.0.0",
				"devlop": "^1.1.0",
				"hast-util-from-parse5": "^8.0.0",
				"parse5": "^7.0.0",
				"vfile": "^6.0.0",
				"vfile-message": "^4.0.0"
			},
			"funding": {
				"type": "opencollective",
				"url": "https://opencollective.com/unified"
			}
		},
		"node_modules/hast-util-from-parse5": {
			"version": "8.0.3",
			"license": "MIT",
			"dependencies": {
				"@types/hast": "^3.0.0",
				"@types/unist": "^3.0.0",
				"devlop": "^1.0.0",
				"hastscript": "^9.0.0",
				"property-information": "^7.0.0",
				"vfile": "^6.0.0",
				"vfile-location": "^5.0.0",
				"web-namespaces": "^2.0.0"
			},
			"funding": {
				"type": "opencollective",
				"url": "https://opencollective.com/unified"
			}
		},
		"node_modules/hast-util-from-parse5/node_modules/property-information": {
			"version": "7.1.0",
			"license": "MIT",
			"funding": {
				"type": "github",
				"url": "https://github.com/sponsors/wooorm"
			}
		},
		"node_modules/hast-util-parse-selector": {
			"version": "4.0.0",
			"license": "MIT",
			"dependencies": {
				"@types/hast": "^3.0.0"
			},
			"funding": {
				"type": "opencollective",
				"url": "https://opencollective.com/unified"
			}
		},
		"node_modules/hast-util-to-html": {
			"version": "9.0.5",
			"dev": true,
			"license": "MIT",
			"dependencies": {
				"@types/hast": "^3.0.0",
				"@types/unist": "^3.0.0",
				"ccount": "^2.0.0",
				"comma-separated-tokens": "^2.0.0",
				"hast-util-whitespace": "^3.0.0",
				"html-void-elements": "^3.0.0",
				"mdast-util-to-hast": "^13.0.0",
				"property-information": "^7.0.0",
				"space-separated-tokens": "^2.0.0",
				"stringify-entities": "^4.0.0",
				"zwitch": "^2.0.4"
			},
			"funding": {
				"type": "opencollective",
				"url": "https://opencollective.com/unified"
			}
		},
		"node_modules/hast-util-to-html/node_modules/property-information": {
			"version": "7.1.0",
			"dev": true,
			"license": "MIT",
			"funding": {
				"type": "github",
				"url": "https://github.com/sponsors/wooorm"
			}
		},
		"node_modules/hast-util-whitespace": {
			"version": "3.0.0",
			"dev": true,
			"license": "MIT",
			"dependencies": {
				"@types/hast": "^3.0.0"
			},
			"funding": {
				"type": "opencollective",
				"url": "https://opencollective.com/unified"
			}
		},
		"node_modules/hastscript": {
			"version": "9.0.1",
			"license": "MIT",
			"dependencies": {
				"@types/hast": "^3.0.0",
				"comma-separated-tokens": "^2.0.0",
				"hast-util-parse-selector": "^4.0.0",
				"property-information": "^7.0.0",
				"space-separated-tokens": "^2.0.0"
			},
			"funding": {
				"type": "opencollective",
				"url": "https://opencollective.com/unified"
			}
		},
		"node_modules/hastscript/node_modules/property-information": {
			"version": "7.1.0",
			"license": "MIT",
			"funding": {
				"type": "github",
				"url": "https://github.com/sponsors/wooorm"
			}
		},
		"node_modules/html-void-elements": {
			"version": "3.0.0",
			"dev": true,
			"license": "MIT",
			"funding": {
				"type": "github",
				"url": "https://github.com/sponsors/wooorm"
			}
		},
		"node_modules/husky": {
			"version": "9.1.7",
			"dev": true,
			"license": "MIT",
			"bin": {
				"husky": "bin.js"
			},
			"engines": {
				"node": ">=18"
			},
			"funding": {
				"url": "https://github.com/sponsors/typicode"
			}
		},
		"node_modules/is-plain-obj": {
			"version": "4.1.0",
			"dev": true,
			"license": "MIT",
			"engines": {
				"node": ">=12"
			},
			"funding": {
				"url": "https://github.com/sponsors/sindresorhus"
			}
		},
		"node_modules/lint-staged": {
			"version": "17.6.0",
			"dev": true,
			"license": "MIT",
			"dependencies": {
				"picomatch": "^4.0.7",
				"string-argv": "^0.3.2",
				"tinyexec": "^1.3.1"
			},
			"bin": {
				"lint-staged": "bin/lint-staged.js"
			},
			"engines": {
				"node": ">=22.22.1"
			},
			"funding": {
				"url": "https://opencollective.com/lint-staged"
			},
			"optionalDependencies": {
				"yaml": "^2.9.1"
			}
		},
		"node_modules/longest-streak": {
			"version": "3.1.0",
			"dev": true,
			"license": "MIT",
			"funding": {
				"type": "github",
				"url": "https://github.com/sponsors/wooorm"
			}
		},
		"node_modules/mdast-util-from-markdown": {
			"version": "2.0.2",
			"dev": true,
			"license": "MIT",
			"dependencies": {
				"@types/mdast": "^4.0.0",
				"@types/unist": "^3.0.0",
				"decode-named-character-reference": "^1.0.0",
				"devlop": "^1.0.0",
				"mdast-util-to-string": "^4.0.0",
				"micromark": "^4.0.0",
				"micromark-util-decode-numeric-character-reference": "^2.0.0",
				"micromark-util-decode-string": "^2.0.0",
				"micromark-util-normalize-identifier": "^2.0.0",
				"micromark-util-symbol": "^2.0.0",
				"micromark-util-types": "^2.0.0",
				"unist-util-stringify-position": "^4.0.0"
			},
			"funding": {
				"type": "opencollective",
				"url": "https://opencollective.com/unified"
			}
		},
		"node_modules/mdast-util-phrasing": {
			"version": "4.1.0",
			"dev": true,
			"license": "MIT",
			"dependencies": {
				"@types/mdast": "^4.0.0",
				"unist-util-is": "^6.0.0"
			},
			"funding": {
				"type": "opencollective",
				"url": "https://opencollective.com/unified"
			}
		},
		"node_modules/mdast-util-to-hast": {
			"version": "13.2.0",
			"dev": true,
			"license": "MIT",
			"dependencies": {
				"@types/hast": "^3.0.0",
				"@types/mdast": "^4.0.0",
				"@ungap/structured-clone": "^1.0.0",
				"devlop": "^1.0.0",
				"micromark-util-sanitize-uri": "^2.0.0",
				"trim-lines": "^3.0.0",
				"unist-util-position": "^5.0.0",
				"unist-util-visit": "^5.0.0",
				"vfile": "^6.0.0"
			},
			"funding": {
				"type": "opencollective",
				"url": "https://opencollective.com/unified"
			}
		},
		"node_modules/mdast-util-to-markdown": {
			"version": "2.1.2",
			"dev": true,
			"license": "MIT",
			"dependencies": {
				"@types/mdast": "^4.0.0",
				"@types/unist": "^3.0.0",
				"longest-streak": "^3.0.0",
				"mdast-util-phrasing": "^4.0.0",
				"mdast-util-to-string": "^4.0.0",
				"micromark-util-classify-character": "^2.0.0",
				"micromark-util-decode-string": "^2.0.0",
				"unist-util-visit": "^5.0.0",
				"zwitch": "^2.0.0"
			},
			"funding": {
				"type": "opencollective",
				"url": "https://opencollective.com/unified"
			}
		},
		"node_modules/mdast-util-to-string": {
			"version": "4.0.0",
			"dev": true,
			"license": "MIT",
			"dependencies": {
				"@types/mdast": "^4.0.0"
			},
			"funding": {
				"type": "opencollective",
				"url": "https://opencollective.com/unified"
			}
		},
		"node_modules/mdn-data": {
			"version": "2.12.2",
			"license": "CC0-1.0"
		},
		"node_modules/micromark": {
			"version": "4.0.2",
			"dev": true,
			"funding": [
				{
					"type": "GitHub Sponsors",
					"url": "https://github.com/sponsors/unifiedjs"
				},
				{
					"type": "OpenCollective",
					"url": "https://opencollective.com/unified"
				}
			],
			"license": "MIT",
			"dependencies": {
				"@types/debug": "^4.0.0",
				"debug": "^4.0.0",
				"decode-named-character-reference": "^1.0.0",
				"devlop": "^1.0.0",
				"micromark-core-commonmark": "^2.0.0",
				"micromark-factory-space": "^2.0.0",
				"micromark-util-character": "^2.0.0",
				"micromark-util-chunked": "^2.0.0",
				"micromark-util-combine-extensions": "^2.0.0",
				"micromark-util-decode-numeric-character-reference": "^2.0.0",
				"micromark-util-encode": "^2.0.0",
				"micromark-util-normalize-identifier": "^2.0.0",
				"micromark-util-resolve-all": "^2.0.0",
				"micromark-util-sanitize-uri": "^2.0.0",
				"micromark-util-subtokenize": "^2.0.0",
				"micromark-util-symbol": "^2.0.0",
				"micromark-util-types": "^2.0.0"
			}
		},
		"node_modules/micromark-core-commonmark": {
			"version": "2.0.3",
			"dev": true,
			"funding": [
				{
					"type": "GitHub Sponsors",
					"url": "https://github.com/sponsors/unifiedjs"
				},
				{
					"type": "OpenCollective",
					"url": "https://opencollective.com/unified"
				}
			],
			"license": "MIT",
			"dependencies": {
				"decode-named-character-reference": "^1.0.0",
				"devlop": "^1.0.0",
				"micromark-factory-destination": "^2.0.0",
				"micromark-factory-label": "^2.0.0",
				"micromark-factory-space": "^2.0.0",
				"micromark-factory-title": "^2.0.0",
				"micromark-factory-whitespace": "^2.0.0",
				"micromark-util-character": "^2.0.0",
				"micromark-util-chunked": "^2.0.0",
				"micromark-util-classify-character": "^2.0.0",
				"micromark-util-html-tag-name": "^2.0.0",
				"micromark-util-normalize-identifier": "^2.0.0",
				"micromark-util-resolve-all": "^2.0.0",
				"micromark-util-subtokenize": "^2.0.0",
				"micromark-util-symbol": "^2.0.0",
				"micromark-util-types": "^2.0.0"
			}
		},
		"node_modules/micromark-factory-destination": {
			"version": "2.0.1",
			"dev": true,
			"funding": [
				{
					"type": "GitHub Sponsors",
					"url": "https://github.com/sponsors/unifiedjs"
				},
				{
					"type": "OpenCollective",
					"url": "https://opencollective.com/unified"
				}
			],
			"license": "MIT",
			"dependencies": {
				"micromark-util-character": "^2.0.0",
				"micromark-util-symbol": "^2.0.0",
				"micromark-util-types": "^2.0.0"
			}
		},
		"node_modules/micromark-factory-label": {
			"version": "2.0.1",
			"dev": true,
			"funding": [
				{
					"type": "GitHub Sponsors",
					"url": "https://github.com/sponsors/unifiedjs"
				},
				{
					"type": "OpenCollective",
					"url": "https://opencollective.com/unified"
				}
			],
			"license": "MIT",
			"dependencies": {
				"devlop": "^1.0.0",
				"micromark-util-character": "^2.0.0",
				"micromark-util-symbol": "^2.0.0",
				"micromark-util-types": "^2.0.0"
			}
		},
		"node_modules/micromark-factory-space": {
			"version": "2.0.1",
			"dev": true,
			"funding": [
				{
					"type": "GitHub Sponsors",
					"url": "https://github.com/sponsors/unifiedjs"
				},
				{
					"type": "OpenCollective",
					"url": "https://opencollective.com/unified"
				}
			],
			"license": "MIT",
			"dependencies": {
				"micromark-util-character": "^2.0.0",
				"micromark-util-types": "^2.0.0"
			}
		},
		"node_modules/micromark-factory-title": {
			"version": "2.0.1",
			"dev": true,
			"funding": [
				{
					"type": "GitHub Sponsors",
					"url": "https://github.com/sponsors/unifiedjs"
				},
				{
					"type": "OpenCollective",
					"url": "https://opencollective.com/unified"
				}
			],
			"license": "MIT",
			"dependencies": {
				"micromark-factory-space": "^2.0.0",
				"micromark-util-character": "^2.0.0",
				"micromark-util-symbol": "^2.0.0",
				"micromark-util-types": "^2.0.0"
			}
		},
		"node_modules/micromark-factory-whitespace": {
			"version": "2.0.1",
			"dev": true,
			"funding": [
				{
					"type": "GitHub Sponsors",
					"url": "https://github.com/sponsors/unifiedjs"
				},
				{
					"type": "OpenCollective",
					"url": "https://opencollective.com/unified"
				}
			],
			"license": "MIT",
			"dependencies": {
				"micromark-factory-space": "^2.0.0",
				"micromark-util-character": "^2.0.0",
				"micromark-util-symbol": "^2.0.0",
				"micromark-util-types": "^2.0.0"
			}
		},
		"node_modules/micromark-util-character": {
			"version": "2.1.1",
			"dev": true,
			"funding": [
				{
					"type": "GitHub Sponsors",
					"url": "https://github.com/sponsors/unifiedjs"
				},
				{
					"type": "OpenCollective",
					"url": "https://opencollective.com/unified"
				}
			],
			"license": "MIT",
			"dependencies": {
				"micromark-util-symbol": "^2.0.0",
				"micromark-util-types": "^2.0.0"
			}
		},
		"node_modules/micromark-util-chunked": {
			"version": "2.0.1",
			"dev": true,
			"funding": [
				{
					"type": "GitHub Sponsors",
					"url": "https://github.com/sponsors/unifiedjs"
				},
				{
					"type": "OpenCollective",
					"url": "https://opencollective.com/unified"
				}
			],
			"license": "MIT",
			"dependencies": {
				"micromark-util-symbol": "^2.0.0"
			}
		},
		"node_modules/micromark-util-classify-character": {
			"version": "2.0.1",
			"dev": true,
			"funding": [
				{
					"type": "GitHub Sponsors",
					"url": "https://github.com/sponsors/unifiedjs"
				},
				{
					"type": "OpenCollective",
					"url": "https://opencollective.com/unified"
				}
			],
			"license": "MIT",
			"dependencies": {
				"micromark-util-character": "^2.0.0",
				"micromark-util-symbol": "^2.0.0",
				"micromark-util-types": "^2.0.0"
			}
		},
		"node_modules/micromark-util-combine-extensions": {
			"version": "2.0.1",
			"dev": true,
			"funding": [
				{
					"type": "GitHub Sponsors",
					"url": "https://github.com/sponsors/unifiedjs"
				},
				{
					"type": "OpenCollective",
					"url": "https://opencollective.com/unified"
				}
			],
			"license": "MIT",
			"dependencies": {
				"micromark-util-chunked": "^2.0.0",
				"micromark-util-types": "^2.0.0"
			}
		},
		"node_modules/micromark-util-decode-numeric-character-reference": {
			"version": "2.0.2",
			"dev": true,
			"funding": [
				{
					"type": "GitHub Sponsors",
					"url": "https://github.com/sponsors/unifiedjs"
				},
				{
					"type": "OpenCollective",
					"url": "https://opencollective.com/unified"
				}
			],
			"license": "MIT",
			"dependencies": {
				"micromark-util-symbol": "^2.0.0"
			}
		},
		"node_modules/micromark-util-decode-string": {
			"version": "2.0.1",
			"dev": true,
			"funding": [
				{
					"type": "GitHub Sponsors",
					"url": "https://github.com/sponsors/unifiedjs"
				},
				{
					"type": "OpenCollective",
					"url": "https://opencollective.com/unified"
				}
			],
			"license": "MIT",
			"dependencies": {
				"decode-named-character-reference": "^1.0.0",
				"micromark-util-character": "^2.0.0",
				"micromark-util-decode-numeric-character-reference": "^2.0.0",
				"micromark-util-symbol": "^2.0.0"
			}
		},
		"node_modules/micromark-util-encode": {
			"version": "2.0.1",
			"dev": true,
			"funding": [
				{
					"type": "GitHub Sponsors",
					"url": "https://github.com/sponsors/unifiedjs"
				},
				{
					"type": "OpenCollective",
					"url": "https://opencollective.com/unified"
				}
			],
			"license": "MIT"
		},
		"node_modules/micromark-util-html-tag-name": {
			"version": "2.0.1",
			"dev": true,
			"funding": [
				{
					"type": "GitHub Sponsors",
					"url": "https://github.com/sponsors/unifiedjs"
				},
				{
					"type": "OpenCollective",
					"url": "https://opencollective.com/unified"
				}
			],
			"license": "MIT"
		},
		"node_modules/micromark-util-normalize-identifier": {
			"version": "2.0.1",
			"dev": true,
			"funding": [
				{
					"type": "GitHub Sponsors",
					"url": "https://github.com/sponsors/unifiedjs"
				},
				{
					"type": "OpenCollective",
					"url": "https://opencollective.com/unified"
				}
			],
			"license": "MIT",
			"dependencies": {
				"micromark-util-symbol": "^2.0.0"
			}
		},
		"node_modules/micromark-util-resolve-all": {
			"version": "2.0.1",
			"dev": true,
			"funding": [
				{
					"type": "GitHub Sponsors",
					"url": "https://github.com/sponsors/unifiedjs"
				},
				{
					"type": "OpenCollective",
					"url": "https://opencollective.com/unified"
				}
			],
			"license": "MIT",
			"dependencies": {
				"micromark-util-types": "^2.0.0"
			}
		},
		"node_modules/micromark-util-sanitize-uri": {
			"version": "2.0.1",
			"dev": true,
			"funding": [
				{
					"type": "GitHub Sponsors",
					"url": "https://github.com/sponsors/unifiedjs"
				},
				{
					"type": "OpenCollective",
					"url": "https://opencollective.com/unified"
				}
			],
			"license": "MIT",
			"dependencies": {
				"micromark-util-character": "^2.0.0",
				"micromark-util-encode": "^2.0.0",
				"micromark-util-symbol": "^2.0.0"
			}
		},
		"node_modules/micromark-util-subtokenize": {
			"version": "2.1.0",
			"dev": true,
			"funding": [
				{
					"type": "GitHub Sponsors",
					"url": "https://github.com/sponsors/unifiedjs"
				},
				{
					"type": "OpenCollective",
					"url": "https://opencollective.com/unified"
				}
			],
			"license": "MIT",
			"dependencies": {
				"devlop": "^1.0.0",
				"micromark-util-chunked": "^2.0.0",
				"micromark-util-symbol": "^2.0.0",
				"micromark-util-types": "^2.0.0"
			}
		},
		"node_modules/micromark-util-symbol": {
			"version": "2.0.1",
			"dev": true,
			"funding": [
				{
					"type": "GitHub Sponsors",
					"url": "https://github.com/sponsors/unifiedjs"
				},
				{
					"type": "OpenCollective",
					"url": "https://opencollective.com/unified"
				}
			],
			"license": "MIT"
		},
		"node_modules/micromark-util-types": {
			"version": "2.0.2",
			"dev": true,
			"funding": [
				{
					"type": "GitHub Sponsors",
					"url": "https://github.com/sponsors/unifiedjs"
				},
				{
					"type": "OpenCollective",
					"url": "https://opencollective.com/unified"
				}
			],
			"license": "MIT"
		},
		"node_modules/mini-svg-data-uri": {
			"version": "1.4.4",
			"license": "MIT",
			"bin": {
				"mini-svg-data-uri": "cli.js"
			}
		},
		"node_modules/ms": {
			"version": "2.1.3",
			"dev": true,
			"license": "MIT"
		},
		"node_modules/nth-check": {
			"version": "2.1.1",
			"license": "BSD-2-Clause",
			"dependencies": {
				"boolbase": "^1.0.0"
			},
			"funding": {
				"url": "https://github.com/fb55/nth-check?sponsor=1"
			}
		},
		"node_modules/parse5": {
			"version": "7.3.0",
			"license": "MIT",
			"dependencies": {
				"entities": "^6.0.0"
			},
			"funding": {
				"url": "https://github.com/inikulin/parse5?sponsor=1"
			}
		},
		"node_modules/picocolors": {
			"version": "1.1.1",
			"license": "ISC"
		},
		"node_modules/picomatch": {
			"version": "4.0.7",
			"dev": true,
			"license": "MIT",
			"engines": {
				"node": ">=12"
			},
			"funding": {
				"url": "https://github.com/sponsors/jonschlinkert"
			}
		},
		"node_modules/pkg-pr-new": {
			"version": "0.0.90",
			"dev": true,
			"license": "MIT",
			"bin": {
				"pkg-pr-new": "bin/cli.js"
			}
		},
		"node_modules/property-information": {
			"version": "7.2.0",
			"license": "MIT",
			"funding": {
				"type": "github",
				"url": "https://github.com/sponsors/wooorm"
			}
		},
		"node_modules/rehype": {
			"version": "13.0.2",
			"dev": true,
			"license": "MIT",
			"dependencies": {
				"@types/hast": "^3.0.0",
				"rehype-parse": "^9.0.0",
				"rehype-stringify": "^10.0.0",
				"unified": "^11.0.0"
			},
			"funding": {
				"type": "opencollective",
				"url": "https://opencollective.com/unified"
			}
		},
		"node_modules/rehype-parse": {
			"version": "9.0.1",
			"dev": true,
			"license": "MIT",
			"dependencies": {
				"@types/hast": "^3.0.0",
				"hast-util-from-html": "^2.0.0",
				"unified": "^11.0.0"
			},
			"funding": {
				"type": "opencollective",
				"url": "https://opencollective.com/unified"
			}
		},
		"node_modules/rehype-stringify": {
			"version": "10.0.1",
			"dev": true,
			"license": "MIT",
			"dependencies": {
				"@types/hast": "^3.0.0",
				"hast-util-to-html": "^9.0.0",
				"unified": "^11.0.0"
			},
			"funding": {
				"type": "opencollective",
				"url": "https://opencollective.com/unified"
			}
		},
		"node_modules/remark": {
			"version": "15.0.1",
			"dev": true,
			"license": "MIT",
			"dependencies": {
				"@types/mdast": "^4.0.0",
				"remark-parse": "^11.0.0",
				"remark-stringify": "^11.0.0",
				"unified": "^11.0.0"
			},
			"funding": {
				"type": "opencollective",
				"url": "https://opencollective.com/unified"
			}
		},
		"node_modules/remark-parse": {
			"version": "11.0.0",
			"dev": true,
			"license": "MIT",
			"dependencies": {
				"@types/mdast": "^4.0.0",
				"mdast-util-from-markdown": "^2.0.0",
				"micromark-util-types": "^2.0.0",
				"unified": "^11.0.0"
			},
			"funding": {
				"type": "opencollective",
				"url": "https://opencollective.com/unified"
			}
		},
		"node_modules/remark-rehype": {
			"version": "11.1.2",
			"dev": true,
			"license": "MIT",
			"dependencies": {
				"@types/hast": "^3.0.0",
				"@types/mdast": "^4.0.0",
				"mdast-util-to-hast": "^13.0.0",
				"unified": "^11.0.0",
				"vfile": "^6.0.0"
			},
			"funding": {
				"type": "opencollective",
				"url": "https://opencollective.com/unified"
			}
		},
		"node_modules/remark-stringify": {
			"version": "11.0.0",
			"dev": true,
			"license": "MIT",
			"dependencies": {
				"@types/mdast": "^4.0.0",
				"mdast-util-to-markdown": "^2.0.0",
				"unified": "^11.0.0"
			},
			"funding": {
				"type": "opencollective",
				"url": "https://opencollective.com/unified"
			}
		},
		"node_modules/sax": {
			"version": "1.6.1",
			"license": "BlueOak-1.0.0",
			"engines": {
				"node": ">=11.0.0"
			}
		},
		"node_modules/source-map-js": {
			"version": "1.2.1",
			"license": "BSD-3-Clause",
			"engines": {
				"node": ">=0.10.0"
			}
		},
		"node_modules/space-separated-tokens": {
			"version": "2.0.2",
			"license": "MIT",
			"funding": {
				"type": "github",
				"url": "https://github.com/sponsors/wooorm"
			}
		},
		"node_modules/string-argv": {
			"version": "0.3.2",
			"dev": true,
			"license": "MIT",
			"engines": {
				"node": ">=0.6.19"
			}
		},
		"node_modules/stringify-entities": {
			"version": "4.0.4",
			"dev": true,
			"license": "MIT",
			"dependencies": {
				"character-entities-html4": "^2.0.0",
				"character-entities-legacy": "^3.0.0"
			},
			"funding": {
				"type": "github",
				"url": "https://github.com/sponsors/wooorm"
			}
		},
		"node_modules/svgo": {
			"version": "4.1.0",
			"license": "MIT",
			"dependencies": {
				"commander": "^11.1.0",
				"css-select": "^6.0.0",
				"css-tree": "^3.0.1",
				"css-what": "^7.0.0",
				"csso": "^5.0.5",
				"picocolors": "^1.1.1",
				"sax": "1.6.1"
			},
			"bin": {
				"svgo": "bin/svgo.js"
			},
			"engines": {
				"node": ">=16"
			},
			"funding": {
				"type": "opencollective",
				"url": "https://opencollective.com/svgo"
			}
		},
		"node_modules/tinyexec": {
			"version": "1.3.1",
			"dev": true,
			"license": "MIT",
			"engines": {
				"node": ">=18"
			}
		},
		"node_modules/trim-lines": {
			"version": "3.0.1",
			"dev": true,
			"license": "MIT",
			"funding": {
				"type": "github",
				"url": "https://github.com/sponsors/wooorm"
			}
		},
		"node_modules/trough": {
			"version": "2.2.0",
			"dev": true,
			"license": "MIT",
			"funding": {
				"type": "github",
				"url": "https://github.com/sponsors/wooorm"
			}
		},
		"node_modules/typescript": {
			"version": "7.0.2",
			"dev": true,
			"license": "Apache-2.0",
			"bin": {
				"tsc": "bin/tsc"
			},
			"engines": {
				"node": ">=16.20.0"
			},
			"optionalDependencies": {
				"@typescript/typescript-aix-ppc64": "7.0.2",
				"@typescript/typescript-darwin-arm64": "7.0.2",
				"@typescript/typescript-darwin-x64": "7.0.2",
				"@typescript/typescript-freebsd-arm64": "7.0.2",
				"@typescript/typescript-freebsd-x64": "7.0.2",
				"@typescript/typescript-linux-arm": "7.0.2",
				"@typescript/typescript-linux-arm64": "7.0.2",
				"@typescript/typescript-linux-loong64": "7.0.2",
				"@typescript/typescript-linux-mips64el": "7.0.2",
				"@typescript/typescript-linux-ppc64": "7.0.2",
				"@typescript/typescript-linux-riscv64": "7.0.2",
				"@typescript/typescript-linux-s390x": "7.0.2",
				"@typescript/typescript-linux-x64": "7.0.2",
				"@typescript/typescript-netbsd-arm64": "7.0.2",
				"@typescript/typescript-netbsd-x64": "7.0.2",
				"@typescript/typescript-openbsd-arm64": "7.0.2",
				"@typescript/typescript-openbsd-x64": "7.0.2",
				"@typescript/typescript-sunos-x64": "7.0.2",
				"@typescript/typescript-win32-arm64": "7.0.2",
				"@typescript/typescript-win32-x64": "7.0.2"
			}
		},
		"node_modules/undici-types": {
			"version": "7.8.0",
			"dev": true,
			"license": "MIT"
		},
		"node_modules/unified": {
			"version": "11.0.5",
			"dev": true,
			"license": "MIT",
			"dependencies": {
				"@types/unist": "^3.0.0",
				"bail": "^2.0.0",
				"devlop": "^1.0.0",
				"extend": "^3.0.0",
				"is-plain-obj": "^4.0.0",
				"trough": "^2.0.0",
				"vfile": "^6.0.0"
			},
			"funding": {
				"type": "opencollective",
				"url": "https://opencollective.com/unified"
			}
		},
		"node_modules/unist-util-is": {
			"version": "6.0.0",
			"license": "MIT",
			"dependencies": {
				"@types/unist": "^3.0.0"
			},
			"funding": {
				"type": "opencollective",
				"url": "https://opencollective.com/unified"
			}
		},
		"node_modules/unist-util-position": {
			"version": "5.0.0",
			"dev": true,
			"license": "MIT",
			"dependencies": {
				"@types/unist": "^3.0.0"
			},
			"funding": {
				"type": "opencollective",
				"url": "https://opencollective.com/unified"
			}
		},
		"node_modules/unist-util-stringify-position": {
			"version": "4.0.0",
			"license": "MIT",
			"dependencies": {
				"@types/unist": "^3.0.0"
			},
			"funding": {
				"type": "opencollective",
				"url": "https://opencollective.com/unified"
			}
		},
		"node_modules/unist-util-visit": {
			"version": "5.0.0",
			"dev": true,
			"license": "MIT",
			"dependencies": {
				"@types/unist": "^3.0.0",
				"unist-util-is": "^6.0.0",
				"unist-util-visit-parents": "^6.0.0"
			},
			"funding": {
				"type": "opencollective",
				"url": "https://opencollective.com/unified"
			}
		},
		"node_modules/unist-util-visit-parents": {
			"version": "6.0.2",
			"license": "MIT",
			"dependencies": {
				"@types/unist": "^3.0.0",
				"unist-util-is": "^6.0.0"
			},
			"funding": {
				"type": "opencollective",
				"url": "https://opencollective.com/unified"
			}
		},
		"node_modules/vfile": {
			"version": "6.0.3",
			"license": "MIT",
			"dependencies": {
				"@types/unist": "^3.0.0",
				"vfile-message": "^4.0.0"
			},
			"funding": {
				"type": "opencollective",
				"url": "https://opencollective.com/unified"
			}
		},
		"node_modules/vfile-location": {
			"version": "5.0.3",
			"license": "MIT",
			"dependencies": {
				"@types/unist": "^3.0.0",
				"vfile": "^6.0.0"
			},
			"funding": {
				"type": "opencollective",
				"url": "https://opencollective.com/unified"
			}
		},
		"node_modules/vfile-message": {
			"version": "4.0.3",
			"license": "MIT",
			"dependencies": {
				"@types/unist": "^3.0.0",
				"unist-util-stringify-position": "^4.0.0"
			},
			"funding": {
				"type": "opencollective",
				"url": "https://opencollective.com/unified"
			}
		},
		"node_modules/web-namespaces": {
			"version": "2.0.1",
			"license": "MIT",
			"funding": {
				"type": "github",
				"url": "https://github.com/sponsors/wooorm"
			}
		},
		"node_modules/yaml": {
			"version": "2.9.1",
			"dev": true,
			"license": "ISC",
			"optional": true,
			"bin": {
				"yaml": "bin.mjs"
			},
			"engines": {
				"node": ">= 14.6"
			},
			"funding": {
				"url": "https://github.com/sponsors/eemeli"
			}
		},
		"node_modules/zwitch": {
			"version": "2.0.4",
			"dev": true,
			"license": "MIT",
			"funding": {
				"type": "github",
				"url": "https://github.com/sponsors/wooorm"
			}
		}
	}
}
